
Microsoft Visual Studio Solution File, Format Version 12.00
# Visual Studio 2012
Project("{FAE04EC0-301F-11D3-BF4B-00C04F79EFBC}") = "Sitecore.Labs.ContentSearch", "Sitecore.Labs.ContentSearch\Sitecore.Labs.ContentSearch.csproj", "{74FDD580-B526-42E1-B072-211B52F0C713}"
EndProject
Project("{2150E333-8FDC-42A3-9474-1A3956D46DE8}") = "Settings", "Settings", "{38CD2E08-BAE6-40B1-9450-FD2D6610988E}"
	ProjectSection(SolutionItems) = preProject
		Sitecore.Settings.props = Sitecore.Settings.props
	EndProjectSection
EndProject
Global
	GlobalSection(SolutionConfigurationPlatforms) = preSolution
		Debug|Any CPU = Debug|Any CPU
		Release|Any CPU = Release|Any CPU
	EndGlobalSection
	GlobalSection(ProjectConfigurationPlatforms) = postSolution
		{74FDD580-B526-42E1-B072-211B52F0C713}.Debug|Any CPU.ActiveCfg = Debug|Any CPU
		{74FDD580-B526-42E1-B072-211B52F0C713}.Debug|Any CPU.Build.0 = Debug|Any CPU
		{74FDD580-B526-42E1-B072-211B52F0C713}.Release|Any CPU.ActiveCfg = Release|Any CPU
		{74FDD580-B526-42E1-B072-211B52F0C713}.Release|Any CPU.Build.0 = Release|Any CPU
	EndGlobalSection
	GlobalSection(SolutionProperties) = preSolution
		HideSolutionNode = FALSE
	EndGlobalSection
EndGlobal
